
Microsoft Visual Studio Solution File, Format Version 12.00
# Visual Studio Version 17
VisualStudioVersion = 17.2.32630.192
MinimumVisualStudioVersion = 10.0.40219.1
Project("{FAE04EC0-301F-11D3-BF4B-00C04F79EFBC}") = "ejemplo1", "ejemplo1\ejemplo1.csproj", "{F7848E3E-2516-474B-8D45-FC36FE419581}"
EndProject
Global
	GlobalSection(SolutionConfigurationPlatforms) = preSolution
		Debug|Any CPU = Debug|Any CPU
		Release|Any CPU = Release|Any CPU
	EndGlobalSection
	GlobalSection(ProjectConfigurationPlatforms) = postSolution
		{F7848E3E-2516-474B-8D45-FC36FE419581}.Debug|Any CPU.ActiveCfg = Debug|Any CPU
		{F7848E3E-2516-474B-8D45-FC36FE419581}.Debug|Any CPU.Build.0 = Debug|Any CPU
		{F7848E3E-2516-474B-8D45-FC36FE419581}.Release|Any CPU.ActiveCfg = Release|Any CPU
		{F7848E3E-2516-474B-8D45-FC36FE419581}.Release|Any CPU.Build.0 = Release|Any CPU
	EndGlobalSection
	GlobalSection(SolutionProperties) = preSolution
		HideSolutionNode = FALSE
	EndGlobalSection
	GlobalSection(ExtensibilityGlobals) = postSolution
		SolutionGuid = {B786AFB2-75B2-4CBB-9B79-5730662219CA}
	EndGlobalSection
EndGlobal
