
Microsoft Visual Studio Solution File, Format Version 12.00
# Visual Studio Version 17
VisualStudioVersion = 17.2.32630.192
MinimumVisualStudioVersion = 10.0.40219.1
Project("{FAE04EC0-301F-11D3-BF4B-00C04F79EFBC}") = "ejemplo1", "ejemplo1\ejemplo1.csproj", "{202E221C-A415-4421-8623-7F76698C71FB}"
EndProject
Project("{FAE04EC0-301F-11D3-BF4B-00C04F79EFBC}") = "ejemplo2", "ejemplo2\ejemplo2.csproj", "{DFCCD2AD-E6ED-4710-86D1-DDC27A24BED5}"
EndProject
Project("{FAE04EC0-301F-11D3-BF4B-00C04F79EFBC}") = "ejemploHerencia", "ejemplo3\ejemploHerencia.csproj", "{46FD597A-9A7A-4332-B3C6-113BCA672B9D}"
EndProject
Project("{FAE04EC0-301F-11D3-BF4B-00C04F79EFBC}") = "ejemploHerencia2", "ejemploHerencia2\ejemploHerencia2.csproj", "{B3E65D50-C4B1-4F13-9097-1E2D91204921}"
EndProject
Project("{FAE04EC0-301F-11D3-BF4B-00C04F79EFBC}") = "Herencia3", "Herencia3\Herencia3.csproj", "{7F8CD2A0-396D-4BBB-90E5-14F61AD95B3F}"
EndProject
Global
	GlobalSection(SolutionConfigurationPlatforms) = preSolution
		Debug|Any CPU = Debug|Any CPU
		Release|Any CPU = Release|Any CPU
	EndGlobalSection
	GlobalSection(ProjectConfigurationPlatforms) = postSolution
		{202E221C-A415-4421-8623-7F76698C71FB}.Debug|Any CPU.ActiveCfg = Debug|Any CPU
		{202E221C-A415-4421-8623-7F76698C71FB}.Debug|Any CPU.Build.0 = Debug|Any CPU
		{202E221C-A415-4421-8623-7F76698C71FB}.Release|Any CPU.ActiveCfg = Release|Any CPU
		{202E221C-A415-4421-8623-7F76698C71FB}.Release|Any CPU.Build.0 = Release|Any CPU
		{DFCCD2AD-E6ED-4710-86D1-DDC27A24BED5}.Debug|Any CPU.ActiveCfg = Debug|Any CPU
		{DFCCD2AD-E6ED-4710-86D1-DDC27A24BED5}.Debug|Any CPU.Build.0 = Debug|Any CPU
		{DFCCD2AD-E6ED-4710-86D1-DDC27A24BED5}.Release|Any CPU.ActiveCfg = Release|Any CPU
		{DFCCD2AD-E6ED-4710-86D1-DDC27A24BED5}.Release|Any CPU.Build.0 = Release|Any CPU
		{46FD597A-9A7A-4332-B3C6-113BCA672B9D}.Debug|Any CPU.ActiveCfg = Debug|Any CPU
		{46FD597A-9A7A-4332-B3C6-113BCA672B9D}.Debug|Any CPU.Build.0 = Debug|Any CPU
		{46FD597A-9A7A-4332-B3C6-113BCA672B9D}.Release|Any CPU.ActiveCfg = Release|Any CPU
		{46FD597A-9A7A-4332-B3C6-113BCA672B9D}.Release|Any CPU.Build.0 = Release|Any CPU
		{B3E65D50-C4B1-4F13-9097-1E2D91204921}.Debug|Any CPU.ActiveCfg = Debug|Any CPU
		{B3E65D50-C4B1-4F13-9097-1E2D91204921}.Debug|Any CPU.Build.0 = Debug|Any CPU
		{B3E65D50-C4B1-4F13-9097-1E2D91204921}.Release|Any CPU.ActiveCfg = Release|Any CPU
		{B3E65D50-C4B1-4F13-9097-1E2D91204921}.Release|Any CPU.Build.0 = Release|Any CPU
		{7F8CD2A0-396D-4BBB-90E5-14F61AD95B3F}.Debug|Any CPU.ActiveCfg = Debug|Any CPU
		{7F8CD2A0-396D-4BBB-90E5-14F61AD95B3F}.Debug|Any CPU.Build.0 = Debug|Any CPU
		{7F8CD2A0-396D-4BBB-90E5-14F61AD95B3F}.Release|Any CPU.ActiveCfg = Release|Any CPU
		{7F8CD2A0-396D-4BBB-90E5-14F61AD95B3F}.Release|Any CPU.Build.0 = Release|Any CPU
	EndGlobalSection
	GlobalSection(SolutionProperties) = preSolution
		HideSolutionNode = FALSE
	EndGlobalSection
	GlobalSection(ExtensibilityGlobals) = postSolution
		SolutionGuid = {14F438CD-3237-45AB-8DA7-F595AB2DBB92}
	EndGlobalSection
EndGlobal
